{
  "version": 4,
  "terraform_version": "0.12.10",
  "serial": 8,
  "lineage": "083d230f-f0e5-6b2e-827c-8923ae8b2bd6",
  "outputs": {},
  "resources": [
    {
      "mode": "managed",
      "type": "aws_default_route_table",
      "name": "MBAterraformRT2",
      "provider": "provider.aws",
      "instances": [
        {
          "schema_version": 0,
          "attributes": {
            "default_route_table_id": "rtb-03dd7e02ff10958ef",
            "id": "rtb-03dd7e02ff10958ef",
            "owner_id": "265418156239",
            "propagating_vgws": null,
            "route": [],
            "tags": {
              "Name": "MBAterraformRT_private"
            },
            "vpc_id": "vpc-02b54256f348d78b5"
          },
          "private": "bnVsbA==",
          "depends_on": [
            "aws_vpc.MBAterraformVPC"
          ]
        }
      ]
    },
    {
      "mode": "managed",
      "type": "aws_dynamodb_table",
      "name": "MBAterraform_lock",
      "provider": "provider.aws",
      "instances": [
        {
          "schema_version": 1,
          "attributes": {
            "arn": "arn:aws:dynamodb:eu-north-1:265418156239:table/mbaterraform_lock",
            "attribute": [
              {
                "name": "LockID",
                "type": "S"
              }
            ],
            "billing_mode": "PAY_PER_REQUEST",
            "global_secondary_index": [],
            "hash_key": "LockID",
            "id": "mbaterraform_lock",
            "local_secondary_index": [],
            "name": "mbaterraform_lock",
            "point_in_time_recovery": [
              {
                "enabled": false
              }
            ],
            "range_key": null,
            "read_capacity": 0,
            "server_side_encryption": [],
            "stream_arn": "",
            "stream_enabled": false,
            "stream_label": "",
            "stream_view_type": "",
            "tags": null,
            "timeouts": null,
            "ttl": [
              {
                "attribute_name": "",
                "enabled": false
              }
            ],
            "write_capacity": 0
          },
          "private": "eyJlMmJmYjczMC1lY2FhLTExZTYtOGY4OC0zNDM2M2JjN2M0YzAiOnsiY3JlYXRlIjo2MDAwMDAwMDAwMDAsImRlbGV0ZSI6NjAwMDAwMDAwMDAwLCJ1cGRhdGUiOjM2MDAwMDAwMDAwMDB9LCJzY2hlbWFfdmVyc2lvbiI6IjEifQ=="
        }
      ]
    },
    {
      "mode": "managed",
      "type": "aws_internet_gateway",
      "name": "MBAterraformGW",
      "provider": "provider.aws",
      "instances": [
        {
          "schema_version": 0,
          "attributes": {
            "id": "igw-06456a439b57d169c",
            "owner_id": "265418156239",
            "tags": {
              "Name": "MBAterraformGW"
            },
            "vpc_id": "vpc-02b54256f348d78b5"
          },
          "private": "bnVsbA==",
          "depends_on": [
            "aws_vpc.MBAterraformVPC"
          ]
        }
      ]
    },
    {
      "mode": "managed",
      "type": "aws_kms_key",
      "name": "MBAtest",
      "provider": "provider.aws",
      "instances": [
        {
          "schema_version": 0,
          "attributes": {
            "arn": "arn:aws:kms:eu-north-1:265418156239:key/67228ec4-612a-4049-a960-68a03ec4d311",
            "deletion_window_in_days": 7,
            "description": "KMS key 1",
            "enable_key_rotation": false,
            "id": "67228ec4-612a-4049-a960-68a03ec4d311",
            "is_enabled": true,
            "key_id": "67228ec4-612a-4049-a960-68a03ec4d311",
            "key_usage": "ENCRYPT_DECRYPT",
            "policy": "{\"Id\":\"key-default-1\",\"Statement\":[{\"Action\":\"kms:*\",\"Effect\":\"Allow\",\"Principal\":{\"AWS\":\"arn:aws:iam::265418156239:root\"},\"Resource\":\"*\",\"Sid\":\"Enable IAM User Permissions\"}],\"Version\":\"2012-10-17\"}",
            "tags": null
          },
          "private": "bnVsbA=="
        }
      ]
    },
    {
      "mode": "managed",
      "type": "aws_route_table",
      "name": "MBAterraformRT1",
      "provider": "provider.aws",
      "instances": [
        {
          "schema_version": 0,
          "attributes": {
            "id": "rtb-0ed57ce837d49b101",
            "owner_id": "265418156239",
            "propagating_vgws": [],
            "route": [
              {
                "cidr_block": "0.0.0.0/0",
                "egress_only_gateway_id": "",
                "gateway_id": "igw-06456a439b57d169c",
                "instance_id": "",
                "ipv6_cidr_block": "",
                "nat_gateway_id": "",
                "network_interface_id": "",
                "transit_gateway_id": "",
                "vpc_peering_connection_id": ""
              }
            ],
            "tags": {
              "Name": "MBAterraformRT_Public"
            },
            "vpc_id": "vpc-02b54256f348d78b5"
          },
          "private": "bnVsbA==",
          "depends_on": [
            "aws_internet_gateway.MBAterraformGW",
            "aws_vpc.MBAterraformVPC"
          ]
        }
      ]
    },
    {
      "mode": "managed",
      "type": "aws_s3_bucket",
      "name": "MBAterraform_state1",
      "provider": "provider.aws",
      "instances": [
        {
          "schema_version": 0,
          "attributes": {
            "acceleration_status": "",
            "acl": "private",
            "arn": "arn:aws:s3:::mbaterraformstate",
            "bucket": "mbaterraformstate",
            "bucket_domain_name": "mbaterraformstate.s3.amazonaws.com",
            "bucket_prefix": null,
            "bucket_regional_domain_name": "mbaterraformstate.s3.eu-north-1.amazonaws.com",
            "cors_rule": [],
            "force_destroy": false,
            "hosted_zone_id": "Z3BAZG2TWCNX0D",
            "id": "mbaterraformstate",
            "lifecycle_rule": [],
            "logging": [],
            "object_lock_configuration": [],
            "policy": null,
            "region": "eu-north-1",
            "replication_configuration": [],
            "request_payer": "BucketOwner",
            "server_side_encryption_configuration": [
              {
                "rule": [
                  {
                    "apply_server_side_encryption_by_default": [
                      {
                        "kms_master_key_id": "arn:aws:kms:eu-north-1:265418156239:key/67228ec4-612a-4049-a960-68a03ec4d311",
                        "sse_algorithm": "aws:kms"
                      }
                    ]
                  }
                ]
              }
            ],
            "tags": null,
            "versioning": [
              {
                "enabled": true,
                "mfa_delete": false
              }
            ],
            "website": [],
            "website_domain": null,
            "website_endpoint": null
          },
          "private": "bnVsbA==",
          "depends_on": [
            "aws_kms_key.MBAtest"
          ]
        }
      ]
    },
    {
      "mode": "managed",
      "type": "aws_vpc",
      "name": "MBAterraformVPC",
      "provider": "provider.aws",
      "instances": [
        {
          "schema_version": 1,
          "attributes": {
            "arn": "arn:aws:ec2:eu-north-1:265418156239:vpc/vpc-02b54256f348d78b5",
            "assign_generated_ipv6_cidr_block": false,
            "cidr_block": "10.0.0.0/16",
            "default_network_acl_id": "acl-0898dab762ee6eccf",
            "default_route_table_id": "rtb-03dd7e02ff10958ef",
            "default_security_group_id": "sg-079a6eaa339e7e3aa",
            "dhcp_options_id": "dopt-e4ef048d",
            "enable_classiclink": null,
            "enable_classiclink_dns_support": null,
            "enable_dns_hostnames": false,
            "enable_dns_support": true,
            "id": "vpc-02b54256f348d78b5",
            "instance_tenancy": "default",
            "ipv6_association_id": "",
            "ipv6_cidr_block": "",
            "main_route_table_id": "rtb-03dd7e02ff10958ef",
            "owner_id": "265418156239",
            "tags": {
              "Name": "MBAterraformVPC"
            }
          },
          "private": "eyJzY2hlbWFfdmVyc2lvbiI6IjEifQ=="
        }
      ]
    }
  ]
}
